
Microsoft Visual Studio Solution File, Format Version 12.00
# Visual Studio Version 17
VisualStudioVersion = 17.14.36705.20 d17.14
MinimumVisualStudioVersion = 10.0.40219.1
Project("{888888A0-9F3D-457C-B088-3A5042F75D52}") = "blackwhitevideoreader", "blackwhitevideoreader.pyproj", "{86AEF758-4DDE-4828-92F4-E41413DCF304}"
EndProject
Global
	GlobalSection(SolutionConfigurationPlatforms) = preSolution
		Debug|Any CPU = Debug|Any CPU
		Release|Any CPU = Release|Any CPU
	EndGlobalSection
	GlobalSection(ProjectConfigurationPlatforms) = postSolution
		{86AEF758-4DDE-4828-92F4-E41413DCF304}.Debug|Any CPU.ActiveCfg = Debug|Any CPU
		{86AEF758-4DDE-4828-92F4-E41413DCF304}.Release|Any CPU.ActiveCfg = Release|Any CPU
	EndGlobalSection
	GlobalSection(SolutionProperties) = preSolution
		HideSolutionNode = FALSE
	EndGlobalSection
	GlobalSection(ExtensibilityGlobals) = postSolution
		SolutionGuid = {36799191-4635-441D-B0FE-668A58D7290F}
	EndGlobalSection
EndGlobal
